
Microsoft Visual Studio Solution File, Format Version 12.00
# Visual Studio Version 17
VisualStudioVersion = 17.5.002.0
MinimumVisualStudioVersion = 10.0.40219.1
Project("{9A19103F-16F7-4668-BE54-9A1E7A4F7556}") = "ProjektZaliczeniowy-AiSD2", "ProjektZaliczeniowy-AiSD2.csproj", "{F9E9382B-9955-4F27-A3CE-3E6FFF38DA8B}"
EndProject
Global
	GlobalSection(SolutionConfigurationPlatforms) = preSolution
		Debug|Any CPU = Debug|Any CPU
		Release|Any CPU = Release|Any CPU
	EndGlobalSection
	GlobalSection(ProjectConfigurationPlatforms) = postSolution
		{F9E9382B-9955-4F27-A3CE-3E6FFF38DA8B}.Debug|Any CPU.ActiveCfg = Debug|Any CPU
		{F9E9382B-9955-4F27-A3CE-3E6FFF38DA8B}.Debug|Any CPU.Build.0 = Debug|Any CPU
		{F9E9382B-9955-4F27-A3CE-3E6FFF38DA8B}.Release|Any CPU.ActiveCfg = Release|Any CPU
		{F9E9382B-9955-4F27-A3CE-3E6FFF38DA8B}.Release|Any CPU.Build.0 = Release|Any CPU
	EndGlobalSection
	GlobalSection(SolutionProperties) = preSolution
		HideSolutionNode = FALSE
	EndGlobalSection
	GlobalSection(ExtensibilityGlobals) = postSolution
		SolutionGuid = {063DE28C-1986-47FC-9A3A-7A43C94F7038}
	EndGlobalSection
EndGlobal
